
Microsoft Visual Studio Solution File, Format Version 12.00
# Visual Studio 14
VisualStudioVersion = 14.0.25420.1
MinimumVisualStudioVersion = 10.0.40219.1
Project("{FAE04EC0-301F-11D3-BF4B-00C04F79EFBC}") = "LibPerfLog", "src\LibPerfLog\LibPerfLog.csproj", "{487AA2B3-F8C8-4769-B387-8CE52CF4EC7A}"
EndProject
Project("{FAE04EC0-301F-11D3-BF4B-00C04F79EFBC}") = "PLogDump", "src\PLogDump\PLogDump.csproj", "{5668E929-4651-495F-B526-BEBD127D024A}"
EndProject
Project("{FAE04EC0-301F-11D3-BF4B-00C04F79EFBC}") = "PerfAnalyzer", "src\PerfAnalyzer\PerfAnalyzer.csproj", "{95EE375A-4103-4E25-9ABF-70FDD68178B6}"
EndProject
Global
	GlobalSection(SolutionConfigurationPlatforms) = preSolution
		Debug|Any CPU = Debug|Any CPU
		Release|Any CPU = Release|Any CPU
	EndGlobalSection
	GlobalSection(ProjectConfigurationPlatforms) = postSolution
		{487AA2B3-F8C8-4769-B387-8CE52CF4EC7A}.Debug|Any CPU.ActiveCfg = Debug|Any CPU
		{487AA2B3-F8C8-4769-B387-8CE52CF4EC7A}.Debug|Any CPU.Build.0 = Debug|Any CPU
		{487AA2B3-F8C8-4769-B387-8CE52CF4EC7A}.Release|Any CPU.ActiveCfg = Release|Any CPU
		{487AA2B3-F8C8-4769-B387-8CE52CF4EC7A}.Release|Any CPU.Build.0 = Release|Any CPU
		{5668E929-4651-495F-B526-BEBD127D024A}.Debug|Any CPU.ActiveCfg = Debug|Any CPU
		{5668E929-4651-495F-B526-BEBD127D024A}.Debug|Any CPU.Build.0 = Debug|Any CPU
		{5668E929-4651-495F-B526-BEBD127D024A}.Release|Any CPU.ActiveCfg = Release|Any CPU
		{5668E929-4651-495F-B526-BEBD127D024A}.Release|Any CPU.Build.0 = Release|Any CPU
		{95EE375A-4103-4E25-9ABF-70FDD68178B6}.Debug|Any CPU.ActiveCfg = Debug|Any CPU
		{95EE375A-4103-4E25-9ABF-70FDD68178B6}.Debug|Any CPU.Build.0 = Debug|Any CPU
		{95EE375A-4103-4E25-9ABF-70FDD68178B6}.Release|Any CPU.ActiveCfg = Release|Any CPU
		{95EE375A-4103-4E25-9ABF-70FDD68178B6}.Release|Any CPU.Build.0 = Release|Any CPU
	EndGlobalSection
	GlobalSection(SolutionProperties) = preSolution
		HideSolutionNode = FALSE
	EndGlobalSection
EndGlobal
